// !$*UTF8*$!
{
	archiveVersion = 1;
	classes = {
	};
	objectVersion = 46;
	objects = {

/* Begin PBXBuildFile section */
		141322F71E373F6800A7FFC2 /* CoreGraphics.framework in Frameworks */ = {isa = PBXBuildFile; fileRef = 141322F61E373F6800A7FFC2 /* CoreGraphics.framework */; };
		141322F91E373F7100A7FFC2 /* QuartzCore.framework in Frameworks */ = {isa = PBXBuildFile; fileRef = 141322F81E373F7100A7FFC2 /* QuartzCore.framework */; };
		141322FB1E373F7F00A7FFC2 /* CoreLocation.framework in Frameworks */ = {isa = PBXBuildFile; fileRef = 141322FA1E373F7F00A7FFC2 /* CoreLocation.framework */; };
		141322FD1E373FA000A7FFC2 /* libsqlite3.0.tbd in Frameworks */ = {isa = PBXBuildFile; fileRef = 141322FC1E373FA000A7FFC2 /* libsqlite3.0.tbd */; };
		141322FF1E373FAA00A7FFC2 /* SystemConfiguration.framework in Frameworks */ = {isa = PBXBuildFile; fileRef = 141322FE1E373FAA00A7FFC2 /* SystemConfiguration.framework */; };
		1425C4601E41F05400FC80C0 /* NewsTableViewCell.swift in Sources */ = {isa = PBXBuildFile; fileRef = 1425C45F1E41F05400FC80C0 /* NewsTableViewCell.swift */; };
		1425C4621E42063200FC80C0 /* ListTableViewController.swift in Sources */ = {isa = PBXBuildFile; fileRef = 1425C4611E42063200FC80C0 /* ListTableViewController.swift */; };
		1425C4641E42064400FC80C0 /* ListTableViewCell.swift in Sources */ = {isa = PBXBuildFile; fileRef = 1425C4631E42064400FC80C0 /* ListTableViewCell.swift */; };
		1440EB191E3864E300CFB078 /* CHModalViewController.swift in Sources */ = {isa = PBXBuildFile; fileRef = 1440EB131E3864E300CFB078 /* CHModalViewController.swift */; };
		1440EB1B1E3864E300CFB078 /* LocationMapViewController.swift in Sources */ = {isa = PBXBuildFile; fileRef = 1440EB151E3864E300CFB078 /* LocationMapViewController.swift */; };
		1440EB1C1E3864E300CFB078 /* NavigationControllers.swift in Sources */ = {isa = PBXBuildFile; fileRef = 1440EB161E3864E300CFB078 /* NavigationControllers.swift */; };
		1440EB1E1E3864E300CFB078 /* UIViewController+Navigation.swift in Sources */ = {isa = PBXBuildFile; fileRef = 1440EB181E3864E300CFB078 /* UIViewController+Navigation.swift */; };
		146512B21E2F5D83004C05C8 /* AppDelegate.swift in Sources */ = {isa = PBXBuildFile; fileRef = 146512B11E2F5D83004C05C8 /* AppDelegate.swift */; };
		146512B71E2F5D83004C05C8 /* Main.storyboard in Resources */ = {isa = PBXBuildFile; fileRef = 146512B51E2F5D83004C05C8 /* Main.storyboard */; };
		146512B91E2F5D83004C05C8 /* Assets.xcassets in Resources */ = {isa = PBXBuildFile; fileRef = 146512B81E2F5D83004C05C8 /* Assets.xcassets */; };
		146512BC1E2F5D83004C05C8 /* LaunchScreen.storyboard in Resources */ = {isa = PBXBuildFile; fileRef = 146512BA1E2F5D83004C05C8 /* LaunchScreen.storyboard */; };
		147417101E30BB500001BA5D /* NMapViewerSDK.framework in Frameworks */ = {isa = PBXBuildFile; fileRef = 1474170F1E30BB500001BA5D /* NMapViewerSDK.framework */; };
		147417171E30CD4E0001BA5D /* NMapViewResources.swift in Sources */ = {isa = PBXBuildFile; fileRef = 147417161E30CD4E0001BA5D /* NMapViewResources.swift */; };
		149C8AC71E41A78000FC3FEF /* NewsTableViewController.swift in Sources */ = {isa = PBXBuildFile; fileRef = 149C8AC61E41A78000FC3FEF /* NewsTableViewController.swift */; };
		149C8ACB1E41AAE800FC3FEF /* DataCenter.swift in Sources */ = {isa = PBXBuildFile; fileRef = 149C8ACA1E41AAE800FC3FEF /* DataCenter.swift */; };
/* End PBXBuildFile section */

/* Begin PBXFileReference section */
		141322F61E373F6800A7FFC2 /* CoreGraphics.framework */ = {isa = PBXFileReference; lastKnownFileType = wrapper.framework; name = CoreGraphics.framework; path = System/Library/Frameworks/CoreGraphics.framework; sourceTree = SDKROOT; };
		141322F81E373F7100A7FFC2 /* QuartzCore.framework */ = {isa = PBXFileReference; lastKnownFileType = wrapper.framework; name = QuartzCore.framework; path = System/Library/Frameworks/QuartzCore.framework; sourceTree = SDKROOT; };
		141322FA1E373F7F00A7FFC2 /* CoreLocation.framework */ = {isa = PBXFileReference; lastKnownFileType = wrapper.framework; name = CoreLocation.framework; path = System/Library/Frameworks/CoreLocation.framework; sourceTree = SDKROOT; };
		141322FC1E373FA000A7FFC2 /* libsqlite3.0.tbd */ = {isa = PBXFileReference; lastKnownFileType = "sourcecode.text-based-dylib-definition"; name = libsqlite3.0.tbd; path = usr/lib/libsqlite3.0.tbd; sourceTree = SDKROOT; };
		141322FE1E373FAA00A7FFC2 /* SystemConfiguration.framework */ = {isa = PBXFileReference; lastKnownFileType = wrapper.framework; name = SystemConfiguration.framework; path = System/Library/Frameworks/SystemConfiguration.framework; sourceTree = SDKROOT; };
		1425C45F1E41F05400FC80C0 /* NewsTableViewCell.swift */ = {isa = PBXFileReference; fileEncoding = 4; lastKnownFileType = sourcecode.swift; path = NewsTableViewCell.swift; sourceTree = "<group>"; };
		1425C4611E42063200FC80C0 /* ListTableViewController.swift */ = {isa = PBXFileReference; fileEncoding = 4; lastKnownFileType = sourcecode.swift; path = ListTableViewController.swift; sourceTree = "<group>"; };
		1425C4631E42064400FC80C0 /* ListTableViewCell.swift */ = {isa = PBXFileReference; fileEncoding = 4; lastKnownFileType = sourcecode.swift; path = ListTableViewCell.swift; sourceTree = "<group>"; };
		1440EB131E3864E300CFB078 /* CHModalViewController.swift */ = {isa = PBXFileReference; fileEncoding = 4; lastKnownFileType = sourcecode.swift; path = CHModalViewController.swift; sourceTree = "<group>"; };
		1440EB151E3864E300CFB078 /* LocationMapViewController.swift */ = {isa = PBXFileReference; fileEncoding = 4; lastKnownFileType = sourcecode.swift; path = LocationMapViewController.swift; sourceTree = "<group>"; };
		1440EB161E3864E300CFB078 /* NavigationControllers.swift */ = {isa = PBXFileReference; fileEncoding = 4; lastKnownFileType = sourcecode.swift; path = NavigationControllers.swift; sourceTree = "<group>"; };
		1440EB181E3864E300CFB078 /* UIViewController+Navigation.swift */ = {isa = PBXFileReference; fileEncoding = 4; lastKnownFileType = sourcecode.swift; path = "UIViewController+Navigation.swift"; sourceTree = "<group>"; };
		146512AE1E2F5D83004C05C8 /* KUMap.app */ = {isa = PBXFileReference; explicitFileType = wrapper.application; includeInIndex = 0; path = KUMap.app; sourceTree = BUILT_PRODUCTS_DIR; };
		146512B11E2F5D83004C05C8 /* AppDelegate.swift */ = {isa = PBXFileReference; lastKnownFileType = sourcecode.swift; path = AppDelegate.swift; sourceTree = "<group>"; };
		146512B61E2F5D83004C05C8 /* Base */ = {isa = PBXFileReference; lastKnownFileType = file.storyboard; name = Base; path = Base.lproj/Main.storyboard; sourceTree = "<group>"; };
		146512B81E2F5D83004C05C8 /* Assets.xcassets */ = {isa = PBXFileReference; lastKnownFileType = folder.assetcatalog; path = Assets.xcassets; sourceTree = "<group>"; };
		146512BB1E2F5D83004C05C8 /* Base */ = {isa = PBXFileReference; lastKnownFileType = file.storyboard; name = Base; path = Base.lproj/LaunchScreen.storyboard; sourceTree = "<group>"; };
		146512BD1E2F5D83004C05C8 /* Info.plist */ = {isa = PBXFileReference; lastKnownFileType = text.plist.xml; path = Info.plist; sourceTree = "<group>"; };
		1474170F1E30BB500001BA5D /* NMapViewerSDK.framework */ = {isa = PBXFileReference; lastKnownFileType = wrapper.framework; path = NMapViewerSDK.framework; sourceTree = "<group>"; };
		147417111E30C2720001BA5D /* KUMap-Bridging-Header.h */ = {isa = PBXFileReference; lastKnownFileType = sourcecode.c.h; path = "KUMap-Bridging-Header.h"; sourceTree = "<group>"; };
		147417161E30CD4E0001BA5D /* NMapViewResources.swift */ = {isa = PBXFileReference; fileEncoding = 4; lastKnownFileType = sourcecode.swift; path = NMapViewResources.swift; sourceTree = "<group>"; };
		149C8AC61E41A78000FC3FEF /* NewsTableViewController.swift */ = {isa = PBXFileReference; fileEncoding = 4; lastKnownFileType = sourcecode.swift; path = NewsTableViewController.swift; sourceTree = "<group>"; };
		149C8ACA1E41AAE800FC3FEF /* DataCenter.swift */ = {isa = PBXFileReference; fileEncoding = 4; lastKnownFileType = sourcecode.swift; path = DataCenter.swift; sourceTree = "<group>"; };
/* End PBXFileReference section */

/* Begin PBXFrameworksBuildPhase section */
		146512AB1E2F5D83004C05C8 /* Frameworks */ = {
			isa = PBXFrameworksBuildPhase;
			buildActionMask = 2147483647;
			files = (
				141322FF1E373FAA00A7FFC2 /* SystemConfiguration.framework in Frameworks */,
				141322FD1E373FA000A7FFC2 /* libsqlite3.0.tbd in Frameworks */,
				141322FB1E373F7F00A7FFC2 /* CoreLocation.framework in Frameworks */,
				141322F91E373F7100A7FFC2 /* QuartzCore.framework in Frameworks */,
				141322F71E373F6800A7FFC2 /* CoreGraphics.framework in Frameworks */,
				147417101E30BB500001BA5D /* NMapViewerSDK.framework in Frameworks */,
			);
			runOnlyForDeploymentPostprocessing = 0;
		};
/* End PBXFrameworksBuildPhase section */

/* Begin PBXGroup section */
		146512A51E2F5D83004C05C8 = {
			isa = PBXGroup;
			children = (
				147416B71E307BB60001BA5D /* Sources */,
				146512B01E2F5D83004C05C8 /* KUMap */,
				146512AF1E2F5D83004C05C8 /* Products */,
				1474170E1E30BB500001BA5D /* Frameworks */,
			);
			sourceTree = "<group>";
		};
		146512AF1E2F5D83004C05C8 /* Products */ = {
			isa = PBXGroup;
			children = (
				146512AE1E2F5D83004C05C8 /* KUMap.app */,
			);
			name = Products;
			sourceTree = "<group>";
		};
		146512B01E2F5D83004C05C8 /* KUMap */ = {
			isa = PBXGroup;
			children = (
				146512B11E2F5D83004C05C8 /* AppDelegate.swift */,
				149C8AC61E41A78000FC3FEF /* NewsTableViewController.swift */,
				1425C45F1E41F05400FC80C0 /* NewsTableViewCell.swift */,
				1425C4611E42063200FC80C0 /* ListTableViewController.swift */,
				1425C4631E42064400FC80C0 /* ListTableViewCell.swift */,
				147417161E30CD4E0001BA5D /* NMapViewResources.swift */,
				149C8ACA1E41AAE800FC3FEF /* DataCenter.swift */,
				146512B51E2F5D83004C05C8 /* Main.storyboard */,
				146512B81E2F5D83004C05C8 /* Assets.xcassets */,
				146512BA1E2F5D83004C05C8 /* LaunchScreen.storyboard */,
				146512BD1E2F5D83004C05C8 /* Info.plist */,
				147417111E30C2720001BA5D /* KUMap-Bridging-Header.h */,
			);
			path = KUMap;
			sourceTree = "<group>";
		};
		147416B71E307BB60001BA5D /* Sources */ = {
			isa = PBXGroup;
			children = (
				1440EB131E3864E300CFB078 /* CHModalViewController.swift */,
				1440EB151E3864E300CFB078 /* LocationMapViewController.swift */,
				1440EB161E3864E300CFB078 /* NavigationControllers.swift */,
				1440EB181E3864E300CFB078 /* UIViewController+Navigation.swift */,
			);
			path = Sources;
			sourceTree = "<group>";
		};
		1474170E1E30BB500001BA5D /* Frameworks */ = {
			isa = PBXGroup;
			children = (
				141322FC1E373FA000A7FFC2 /* libsqlite3.0.tbd */,
				141322FE1E373FAA00A7FFC2 /* SystemConfiguration.framework */,
				141322FA1E373F7F00A7FFC2 /* CoreLocation.framework */,
				141322F81E373F7100A7FFC2 /* QuartzCore.framework */,
				141322F61E373F6800A7FFC2 /* CoreGraphics.framework */,
				1474170F1E30BB500001BA5D /* NMapViewerSDK.framework */,
			);
			name = Frameworks;
			path = naverMapAPI/Frameworks;
			sourceTree = "<group>";
		};
/* End PBXGroup section */

/* Begin PBXNativeTarget section */
		146512AD1E2F5D83004C05C8 /* KUMap */ = {
			isa = PBXNativeTarget;
			buildConfigurationList = 146512C01E2F5D83004C05C8 /* Build configuration list for PBXNativeTarget "KUMap" */;
			buildPhases = (
				146512AA1E2F5D83004C05C8 /* Sources */,
				146512AB1E2F5D83004C05C8 /* Frameworks */,
				146512AC1E2F5D83004C05C8 /* Resources */,
			);
			buildRules = (
			);
			dependencies = (
			);
			name = KUMap;
			productName = KUMap;
			productReference = 146512AE1E2F5D83004C05C8 /* KUMap.app */;
			productType = "com.apple.product-type.application";
		};
/* End PBXNativeTarget section */

/* Begin PBXProject section */
		146512A61E2F5D83004C05C8 /* Project object */ = {
			isa = PBXProject;
			attributes = {
				LastSwiftUpdateCheck = 0820;
				LastUpgradeCheck = 0820;
				ORGANIZATIONNAME = KUMap;
				TargetAttributes = {
					146512AD1E2F5D83004C05C8 = {
						CreatedOnToolsVersion = 8.2.1;
						DevelopmentTeam = 2HE2RUTC93;
						ProvisioningStyle = Automatic;
						SystemCapabilities = {
							com.apple.Maps.iOS = {
								enabled = 0;
							};
						};
					};
				};
			};
			buildConfigurationList = 146512A91E2F5D83004C05C8 /* Build configuration list for PBXProject "KUMap" */;
			compatibilityVersion = "Xcode 3.2";
			developmentRegion = English;
			hasScannedForEncodings = 0;
			knownRegions = (
				en,
				Base,
			);
			mainGroup = 146512A51E2F5D83004C05C8;
			productRefGroup = 146512AF1E2F5D83004C05C8 /* Products */;
			projectDirPath = "";
			projectRoot = "";
			targets = (
				146512AD1E2F5D83004C05C8 /* KUMap */,
			);
		};
/* End PBXProject section */

/* Begin PBXResourcesBuildPhase section */
		146512AC1E2F5D83004C05C8 /* Resources */ = {
			isa = PBXResourcesBuildPhase;
			buildActionMask = 2147483647;
			files = (
				146512BC1E2F5D83004C05C8 /* LaunchScreen.storyboard in Resources */,
				146512B91E2F5D83004C05C8 /* Assets.xcassets in Resources */,
				146512B71E2F5D83004C05C8 /* Main.storyboard in Resources */,
			);
			runOnlyForDeploymentPostprocessing = 0;
		};
/* End PBXResourcesBuildPhase section */

/* Begin PBXSourcesBuildPhase section */
		146512AA1E2F5D83004C05C8 /* Sources */ = {
			isa = PBXSourcesBuildPhase;
			buildActionMask = 2147483647;
			files = (
				1425C4641E42064400FC80C0 /* ListTableViewCell.swift in Sources */,
				149C8ACB1E41AAE800FC3FEF /* DataCenter.swift in Sources */,
				1425C4601E41F05400FC80C0 /* NewsTableViewCell.swift in Sources */,
				146512B21E2F5D83004C05C8 /* AppDelegate.swift in Sources */,
				1425C4621E42063200FC80C0 /* ListTableViewController.swift in Sources */,
				1440EB1B1E3864E300CFB078 /* LocationMapViewController.swift in Sources */,
				1440EB1C1E3864E300CFB078 /* NavigationControllers.swift in Sources */,
				1440EB1E1E3864E300CFB078 /* UIViewController+Navigation.swift in Sources */,
				147417171E30CD4E0001BA5D /* NMapViewResources.swift in Sources */,
				1440EB191E3864E300CFB078 /* CHModalViewController.swift in Sources */,
				149C8AC71E41A78000FC3FEF /* NewsTableViewController.swift in Sources */,
			);
			runOnlyForDeploymentPostprocessing = 0;
		};
/* End PBXSourcesBuildPhase section */

/* Begin PBXVariantGroup section */
		146512B51E2F5D83004C05C8 /* Main.storyboard */ = {
			isa = PBXVariantGroup;
			children = (
				146512B61E2F5D83004C05C8 /* Base */,
			);
			name = Main.storyboard;
			sourceTree = "<group>";
		};
		146512BA1E2F5D83004C05C8 /* LaunchScreen.storyboard */ = {
			isa = PBXVariantGroup;
			children = (
				146512BB1E2F5D83004C05C8 /* Base */,
			);
			name = LaunchScreen.storyboard;
			sourceTree = "<group>";
		};
/* End PBXVariantGroup section */

/* Begin XCBuildConfiguration section */
		146512BE1E2F5D83004C05C8 /* Debug */ = {
			isa = XCBuildConfiguration;
			buildSettings = {
				ALWAYS_SEARCH_USER_PATHS = NO;
				CLANG_ANALYZER_NONNULL = YES;
				CLANG_CXX_LANGUAGE_STANDARD = "gnu++0x";
				CLANG_CXX_LIBRARY = "libc++";
				CLANG_ENABLE_MODULES = YES;
				CLANG_ENABLE_OBJC_ARC = YES;
				CLANG_WARN_BOOL_CONVERSION = YES;
				CLANG_WARN_CONSTANT_CONVERSION = YES;
				CLANG_WARN_DIRECT_OBJC_ISA_USAGE = YES_ERROR;
				CLANG_WARN_DOCUMENTATION_COMMENTS = YES;
				CLANG_WARN_EMPTY_BODY = YES;
				CLANG_WARN_ENUM_CONVERSION = YES;
				CLANG_WARN_INFINITE_RECURSION = YES;
				CLANG_WARN_INT_CONVERSION = YES;
				CLANG_WARN_OBJC_ROOT_CLASS = YES_ERROR;
				CLANG_WARN_SUSPICIOUS_MOVE = YES;
				CLANG_WARN_UNREACHABLE_CODE = YES;
				CLANG_WARN__DUPLICATE_METHOD_MATCH = YES;
				"CODE_SIGN_IDENTITY[sdk=iphoneos*]" = "iPhone Developer";
				COPY_PHASE_STRIP = NO;
				DEBUG_INFORMATION_FORMAT = dwarf;
				ENABLE_STRICT_OBJC_MSGSEND = YES;
				ENABLE_TESTABILITY = YES;
				GCC_C_LANGUAGE_STANDARD = gnu99;
				GCC_DYNAMIC_NO_PIC = NO;
				GCC_NO_COMMON_BLOCKS = YES;
				GCC_OPTIMIZATION_LEVEL = 0;
				GCC_PREPROCESSOR_DEFINITIONS = (
					"DEBUG=1",
					"$(inherited)",
				);
				GCC_WARN_64_TO_32_BIT_CONVERSION = YES;
				GCC_WARN_ABOUT_RETURN_TYPE = YES_ERROR;
				GCC_WARN_UNDECLARED_SELECTOR = YES;
				GCC_WARN_UNINITIALIZED_AUTOS = YES_AGGRESSIVE;
				GCC_WARN_UNUSED_FUNCTION = YES;
				GCC_WARN_UNUSED_VARIABLE = YES;
				IPHONEOS_DEPLOYMENT_TARGET = 10.2;
				MTL_ENABLE_DEBUG_INFO = YES;
				ONLY_ACTIVE_ARCH = YES;
				SDKROOT = iphoneos;
				SWIFT_ACTIVE_COMPILATION_CONDITIONS = DEBUG;
				SWIFT_OPTIMIZATION_LEVEL = "-Onone";
				TARGETED_DEVICE_FAMILY = "1,2";
			};
			name = Debug;
		};
		146512BF1E2F5D83004C05C8 /* Release */ = {
			isa = XCBuildConfiguration;
			buildSettings = {
				ALWAYS_SEARCH_USER_PATHS = NO;
				CLANG_ANALYZER_NONNULL = YES;
				CLANG_CXX_LANGUAGE_STANDARD = "gnu++0x";
				CLANG_CXX_LIBRARY = "libc++";
				CLANG_ENABLE_MODULES = YES;
				CLANG_ENABLE_OBJC_ARC = YES;
				CLANG_WARN_BOOL_CONVERSION = YES;
				CLANG_WARN_CONSTANT_CONVERSION = YES;
				CLANG_WARN_DIRECT_OBJC_ISA_USAGE = YES_ERROR;
				CLANG_WARN_DOCUMENTATION_COMMENTS = YES;
				CLANG_WARN_EMPTY_BODY = YES;
				CLANG_WARN_ENUM_CONVERSION = YES;
				CLANG_WARN_INFINITE_RECURSION = YES;
				CLANG_WARN_INT_CONVERSION = YES;
				CLANG_WARN_OBJC_ROOT_CLASS = YES_ERROR;
				CLANG_WARN_SUSPICIOUS_MOVE = YES;
				CLANG_WARN_UNREACHABLE_CODE = YES;
				CLANG_WARN__DUPLICATE_METHOD_MATCH = YES;
				"CODE_SIGN_IDENTITY[sdk=iphoneos*]" = "iPhone Developer";
				COPY_PHASE_STRIP = NO;
				DEBUG_INFORMATION_FORMAT = "dwarf-with-dsym";
				ENABLE_NS_ASSERTIONS = NO;
				ENABLE_STRICT_OBJC_MSGSEND = YES;
				GCC_C_LANGUAGE_STANDARD = gnu99;
				GCC_NO_COMMON_BLOCKS = YES;
				GCC_WARN_64_TO_32_BIT_CONVERSION = YES;
				GCC_WARN_ABOUT_RETURN_TYPE = YES_ERROR;
				GCC_WARN_UNDECLARED_SELECTOR = YES;
				GCC_WARN_UNINITIALIZED_AUTOS = YES_AGGRESSIVE;
				GCC_WARN_UNUSED_FUNCTION = YES;
				GCC_WARN_UNUSED_VARIABLE = YES;
				IPHONEOS_DEPLOYMENT_TARGET = 10.2;
				MTL_ENABLE_DEBUG_INFO = NO;
				SDKROOT = iphoneos;
				SWIFT_OPTIMIZATION_LEVEL = "-Owholemodule";
				TARGETED_DEVICE_FAMILY = "1,2";
				VALIDATE_PRODUCT = YES;
			};
			name = Release;
		};
		146512C11E2F5D83004C05C8 /* Debug */ = {
			isa = XCBuildConfiguration;
			buildSettings = {
				ASSETCATALOG_COMPILER_APPICON_NAME = AppIcon;
				DEVELOPMENT_TEAM = 2HE2RUTC93;
				FRAMEWORK_SEARCH_PATHS = "\"$(SRCROOT)/naverMapAPI/Frameworks\"";
				INFOPLIST_FILE = KUMap/Info.plist;
				LD_RUNPATH_SEARCH_PATHS = "$(inherited) @executable_path/Frameworks";
				LIBRARY_SEARCH_PATHS = /usr/include/libxml2;
				OTHER_LDFLAGS = (
					"-lxml2",
					"-ObjC",
					"-all_load",
				);
				PRODUCT_BUNDLE_IDENTIFIER = com.kumap.KUMap;
				PRODUCT_NAME = "$(TARGET_NAME)";
				SWIFT_OBJC_BRIDGING_HEADER = "$(PROJECT_NAME)/KUMap-Bridging-Header.h";
				SWIFT_VERSION = 3.0;
			};
			name = Debug;
		};
		146512C21E2F5D83004C05C8 /* Release */ = {
			isa = XCBuildConfiguration;
			buildSettings = {
				ASSETCATALOG_COMPILER_APPICON_NAME = AppIcon;
				DEVELOPMENT_TEAM = 2HE2RUTC93;
				FRAMEWORK_SEARCH_PATHS = "\"$(SRCROOT)/naverMapAPI/Frameworks\"";
				INFOPLIST_FILE = KUMap/Info.plist;
				LD_RUNPATH_SEARCH_PATHS = "$(inherited) @executable_path/Frameworks";
				LIBRARY_SEARCH_PATHS = /usr/include/libxml2;
				OTHER_LDFLAGS = (
					"-lxml2",
					"-ObjC",
					"-all_load",
				);
				PRODUCT_BUNDLE_IDENTIFIER = com.kumap.KUMap;
				PRODUCT_NAME = "$(TARGET_NAME)";
				SWIFT_OBJC_BRIDGING_HEADER = "$(PROJECT_NAME)/KUMap-Bridging-Header.h";
				SWIFT_VERSION = 3.0;
			};
			name = Release;
		};
/* End XCBuildConfiguration section */

/* Begin XCConfigurationList section */
		146512A91E2F5D83004C05C8 /* Build configuration list for PBXProject "KUMap" */ = {
			isa = XCConfigurationList;
			buildConfigurations = (
				146512BE1E2F5D83004C05C8 /* Debug */,
				146512BF1E2F5D83004C05C8 /* Release */,
			);
			defaultConfigurationIsVisible = 0;
			defaultConfigurationName = Release;
		};
		146512C01E2F5D83004C05C8 /* Build configuration list for PBXNativeTarget "KUMap" */ = {
			isa = XCConfigurationList;
			buildConfigurations = (
				146512C11E2F5D83004C05C8 /* Debug */,
				146512C21E2F5D83004C05C8 /* Release */,
			);
			defaultConfigurationIsVisible = 0;
			defaultConfigurationName = Release;
		};
/* End XCConfigurationList section */
	};
	rootObject = 146512A61E2F5D83004C05C8 /* Project object */;
}
